
Microsoft Visual Studio Solution File, Format Version 12.00
# Visual Studio 15
Project("{FAE04EC0-301F-11D3-BF4B-00C04F79EFBC}") = "9AritmeticOperators", "Begginers\9AritmeticOperators.csproj", "{DBE60578-D98D-4B9F-A8EE-4F169CB48837}"
EndProject
Project("{FAE04EC0-301F-11D3-BF4B-00C04F79EFBC}") = "1HelloWord", "HelloWord\1HelloWord.csproj", "{E4EE8A0A-EE06-4561-991F-3B218302C83B}"
EndProject
Project("{FAE04EC0-301F-11D3-BF4B-00C04F79EFBC}") = "2Comments", "2Comments\2Comments.csproj", "{54F5BC09-566A-4E03-98BE-5D5C111F79E1}"
EndProject
Project("{FAE04EC0-301F-11D3-BF4B-00C04F79EFBC}") = "3Challenge", "3Challenge\3Challenge.csproj", "{CB23B9FF-4EB6-4605-82AE-949872B44F7B}"
EndProject
Project("{FAE04EC0-301F-11D3-BF4B-00C04F79EFBC}") = "4Literals", "4Literals\4Literals.csproj", "{3396246C-9A6C-41BA-A977-665ABFCA9D54}"
EndProject
Project("{FAE04EC0-301F-11D3-BF4B-00C04F79EFBC}") = "5Variables", "5Variables\5Variables.csproj", "{255C569B-A2BC-4DA8-98DA-8F51E7914434}"
EndProject
Project("{FAE04EC0-301F-11D3-BF4B-00C04F79EFBC}") = "6Challenge", "6Challenge\6Challenge.csproj", "{C681F73A-4C0E-4E2F-A173-776B0C38A7B4}"
EndProject
Project("{FAE04EC0-301F-11D3-BF4B-00C04F79EFBC}") = "7UserInput", "7UserInput\7UserInput.csproj", "{36466BCC-78B8-48CA-8B98-59AB597137C5}"
EndProject
Project("{2150E333-8FDC-42A3-9474-1A3956D46DE8}") = "Basics", "Basics", "{CE0DA3EF-09A9-4D5A-9426-824631718655}"
EndProject
Project("{FAE04EC0-301F-11D3-BF4B-00C04F79EFBC}") = "8Constants", "8Constants\8Constants.csproj", "{89F4B2A8-C0D2-471A-9891-0D87D7488C3B}"
EndProject
Project("{2150E333-8FDC-42A3-9474-1A3956D46DE8}") = "ArithmeticOperationsHomeWork", "ArithmeticOperationsHomeWork", "{4A3B6658-DB9F-47EA-B7E4-CA2372C30A14}"
EndProject
Project("{FAE04EC0-301F-11D3-BF4B-00C04F79EFBC}") = "Adition", "Adition\Adition.csproj", "{759DC97A-CFC3-4EE2-9573-111B3154AA88}"
EndProject
Project("{FAE04EC0-301F-11D3-BF4B-00C04F79EFBC}") = "Subtraction", "Adition\Subtraction\Subtraction.csproj", "{47D509A8-0D97-4B52-9BC7-32270D48CA89}"
EndProject
Project("{FAE04EC0-301F-11D3-BF4B-00C04F79EFBC}") = "Division", "Adition\Division\Division.csproj", "{F1E2E3AF-75AC-4F7A-A6CF-86844C47D251}"
EndProject
Project("{FAE04EC0-301F-11D3-BF4B-00C04F79EFBC}") = "Multiplication", "Adition\Multiplication\Multiplication.csproj", "{EBA417BE-35D5-4A66-B37C-9A290F3B7BBD}"
EndProject
Project("{FAE04EC0-301F-11D3-BF4B-00C04F79EFBC}") = "Remainder", "Adition\Remainder\Remainder.csproj", "{2FF8525F-E460-4B55-96C9-878A98FFCCDB}"
EndProject
Project("{FAE04EC0-301F-11D3-BF4B-00C04F79EFBC}") = "11MultipleArithmeticOperations", "11MultipleArithmeticOperations\11MultipleArithmeticOperations.csproj", "{629C1964-F04A-4D32-B48B-F100A6463B72}"
EndProject
Project("{FAE04EC0-301F-11D3-BF4B-00C04F79EFBC}") = "12AssignementOperators", "12AssignementOperators\12AssignementOperators.csproj", "{90365BD6-45ED-44D4-ACC5-278F8149D8EB}"
EndProject
Project("{FAE04EC0-301F-11D3-BF4B-00C04F79EFBC}") = "13IncrementOperators", "13IncrementOperators\13IncrementOperators.csproj", "{DE9B177A-C1D5-4863-AC65-2CE84E367C6A}"
EndProject
Project("{2150E333-8FDC-42A3-9474-1A3956D46DE8}") = "Conditions", "Conditions", "{037A8FB4-B794-4003-A9ED-FA1911B102F0}"
EndProject
Project("{FAE04EC0-301F-11D3-BF4B-00C04F79EFBC}") = "1TheIfStatement", "1TheIfStatement\1TheIfStatement.csproj", "{B1566252-C42A-4503-B29E-8BAC3585CE16}"
EndProject
Project("{2150E333-8FDC-42A3-9474-1A3956D46DE8}") = "Loops", "Loops", "{CB40C389-989E-4690-ACD9-EBE7B7C46989}"
EndProject
Project("{FAE04EC0-301F-11D3-BF4B-00C04F79EFBC}") = "1WHILE", "1WHILE\1WHILE.csproj", "{3FE544DD-F0CA-4C3D-A5EC-68FE29609363}"
EndProject
Project("{FAE04EC0-301F-11D3-BF4B-00C04F79EFBC}") = "2TheForLoop", "1WHILE\2TheForLoop\2TheForLoop.csproj", "{823CD05F-E8BC-4DB6-822A-BD0ACC179F02}"
EndProject
Project("{FAE04EC0-301F-11D3-BF4B-00C04F79EFBC}") = "3DoWhile", "1WHILE\3DoWhile\3DoWhile.csproj", "{09F5BA98-C306-4569-B9C2-E795C9A6E21D}"
EndProject
Project("{FAE04EC0-301F-11D3-BF4B-00C04F79EFBC}") = "2TheSWITCHStatement", "1TheIfStatement\2TheSWITCHStatement\2TheSWITCHStatement.csproj", "{514D9EDB-DEA5-4F15-A44A-8624AD170778}"
EndProject
Project("{FAE04EC0-301F-11D3-BF4B-00C04F79EFBC}") = "3LogicalOperators", "1TheIfStatement\3LogicalOperators\3LogicalOperators.csproj", "{972EE5C8-89F8-4685-B101-9DEDDAFEAEA3}"
EndProject
Project("{FAE04EC0-301F-11D3-BF4B-00C04F79EFBC}") = "4ConditionalOperator", "1TheIfStatement\4ConditionalOperator\4ConditionalOperator.csproj", "{97B2E097-B449-47CD-BA52-F301366300D3}"
EndProject
Project("{2150E333-8FDC-42A3-9474-1A3956D46DE8}") = "Arrays", "Arrays", "{2DB31F68-815E-4A3D-A5D9-13A0C34500CF}"
EndProject
Project("{FAE04EC0-301F-11D3-BF4B-00C04F79EFBC}") = "1Arrays", "1Arrays\1Arrays.csproj", "{7016BD0F-B673-47C8-92F5-70FF4A815D07}"
EndProject
Project("{FAE04EC0-301F-11D3-BF4B-00C04F79EFBC}") = "14WorkingWithStrings", "12WorkingWithStrings\14WorkingWithStrings.csproj", "{DE1F62B1-941D-4AA4-BD18-10B02BCD8636}"
EndProject
Project("{2150E333-8FDC-42A3-9474-1A3956D46DE8}") = "Collections", "Collections", "{1EAEFEC9-0701-45AF-9A15-8CC5CB247642}"
EndProject
Project("{FAE04EC0-301F-11D3-BF4B-00C04F79EFBC}") = "1List", "1List\1List.csproj", "{5853E1F0-3EBE-47E7-8880-A7BC12E24F5F}"
EndProject
Project("{FAE04EC0-301F-11D3-BF4B-00C04F79EFBC}") = "15WorkingWithDateTime", "15WorkingWithDateTime\15WorkingWithDateTime.csproj", "{419C13A5-C07E-4458-BB7B-66691A811ADA}"
EndProject
Project("{FAE04EC0-301F-11D3-BF4B-00C04F79EFBC}") = "Exercise", "Exercise\Exercise.csproj", "{6AE377DD-46E7-4391-BA9E-DDC1C9519889}"
EndProject
Global
	GlobalSection(SolutionConfigurationPlatforms) = preSolution
		Debug|Any CPU = Debug|Any CPU
		Release|Any CPU = Release|Any CPU
	EndGlobalSection
	GlobalSection(ProjectConfigurationPlatforms) = postSolution
		{DBE60578-D98D-4B9F-A8EE-4F169CB48837}.Debug|Any CPU.ActiveCfg = Debug|Any CPU
		{DBE60578-D98D-4B9F-A8EE-4F169CB48837}.Debug|Any CPU.Build.0 = Debug|Any CPU
		{DBE60578-D98D-4B9F-A8EE-4F169CB48837}.Release|Any CPU.ActiveCfg = Release|Any CPU
		{DBE60578-D98D-4B9F-A8EE-4F169CB48837}.Release|Any CPU.Build.0 = Release|Any CPU
		{E4EE8A0A-EE06-4561-991F-3B218302C83B}.Debug|Any CPU.ActiveCfg = Debug|Any CPU
		{E4EE8A0A-EE06-4561-991F-3B218302C83B}.Debug|Any CPU.Build.0 = Debug|Any CPU
		{E4EE8A0A-EE06-4561-991F-3B218302C83B}.Release|Any CPU.ActiveCfg = Release|Any CPU
		{E4EE8A0A-EE06-4561-991F-3B218302C83B}.Release|Any CPU.Build.0 = Release|Any CPU
		{54F5BC09-566A-4E03-98BE-5D5C111F79E1}.Debug|Any CPU.ActiveCfg = Debug|Any CPU
		{54F5BC09-566A-4E03-98BE-5D5C111F79E1}.Debug|Any CPU.Build.0 = Debug|Any CPU
		{54F5BC09-566A-4E03-98BE-5D5C111F79E1}.Release|Any CPU.ActiveCfg = Release|Any CPU
		{54F5BC09-566A-4E03-98BE-5D5C111F79E1}.Release|Any CPU.Build.0 = Release|Any CPU
		{CB23B9FF-4EB6-4605-82AE-949872B44F7B}.Debug|Any CPU.ActiveCfg = Debug|Any CPU
		{CB23B9FF-4EB6-4605-82AE-949872B44F7B}.Debug|Any CPU.Build.0 = Debug|Any CPU
		{CB23B9FF-4EB6-4605-82AE-949872B44F7B}.Release|Any CPU.ActiveCfg = Release|Any CPU
		{CB23B9FF-4EB6-4605-82AE-949872B44F7B}.Release|Any CPU.Build.0 = Release|Any CPU
		{3396246C-9A6C-41BA-A977-665ABFCA9D54}.Debug|Any CPU.ActiveCfg = Debug|Any CPU
		{3396246C-9A6C-41BA-A977-665ABFCA9D54}.Debug|Any CPU.Build.0 = Debug|Any CPU
		{3396246C-9A6C-41BA-A977-665ABFCA9D54}.Release|Any CPU.ActiveCfg = Release|Any CPU
		{3396246C-9A6C-41BA-A977-665ABFCA9D54}.Release|Any CPU.Build.0 = Release|Any CPU
		{255C569B-A2BC-4DA8-98DA-8F51E7914434}.Debug|Any CPU.ActiveCfg = Debug|Any CPU
		{255C569B-A2BC-4DA8-98DA-8F51E7914434}.Debug|Any CPU.Build.0 = Debug|Any CPU
		{255C569B-A2BC-4DA8-98DA-8F51E7914434}.Release|Any CPU.ActiveCfg = Release|Any CPU
		{255C569B-A2BC-4DA8-98DA-8F51E7914434}.Release|Any CPU.Build.0 = Release|Any CPU
		{C681F73A-4C0E-4E2F-A173-776B0C38A7B4}.Debug|Any CPU.ActiveCfg = Debug|Any CPU
		{C681F73A-4C0E-4E2F-A173-776B0C38A7B4}.Debug|Any CPU.Build.0 = Debug|Any CPU
		{C681F73A-4C0E-4E2F-A173-776B0C38A7B4}.Release|Any CPU.ActiveCfg = Release|Any CPU
		{C681F73A-4C0E-4E2F-A173-776B0C38A7B4}.Release|Any CPU.Build.0 = Release|Any CPU
		{36466BCC-78B8-48CA-8B98-59AB597137C5}.Debug|Any CPU.ActiveCfg = Debug|Any CPU
		{36466BCC-78B8-48CA-8B98-59AB597137C5}.Debug|Any CPU.Build.0 = Debug|Any CPU
		{36466BCC-78B8-48CA-8B98-59AB597137C5}.Release|Any CPU.ActiveCfg = Release|Any CPU
		{36466BCC-78B8-48CA-8B98-59AB597137C5}.Release|Any CPU.Build.0 = Release|Any CPU
		{89F4B2A8-C0D2-471A-9891-0D87D7488C3B}.Debug|Any CPU.ActiveCfg = Debug|Any CPU
		{89F4B2A8-C0D2-471A-9891-0D87D7488C3B}.Debug|Any CPU.Build.0 = Debug|Any CPU
		{89F4B2A8-C0D2-471A-9891-0D87D7488C3B}.Release|Any CPU.ActiveCfg = Release|Any CPU
		{89F4B2A8-C0D2-471A-9891-0D87D7488C3B}.Release|Any CPU.Build.0 = Release|Any CPU
		{759DC97A-CFC3-4EE2-9573-111B3154AA88}.Debug|Any CPU.ActiveCfg = Debug|Any CPU
		{759DC97A-CFC3-4EE2-9573-111B3154AA88}.Debug|Any CPU.Build.0 = Debug|Any CPU
		{759DC97A-CFC3-4EE2-9573-111B3154AA88}.Release|Any CPU.ActiveCfg = Release|Any CPU
		{759DC97A-CFC3-4EE2-9573-111B3154AA88}.Release|Any CPU.Build.0 = Release|Any CPU
		{47D509A8-0D97-4B52-9BC7-32270D48CA89}.Debug|Any CPU.ActiveCfg = Debug|Any CPU
		{47D509A8-0D97-4B52-9BC7-32270D48CA89}.Debug|Any CPU.Build.0 = Debug|Any CPU
		{47D509A8-0D97-4B52-9BC7-32270D48CA89}.Release|Any CPU.ActiveCfg = Release|Any CPU
		{47D509A8-0D97-4B52-9BC7-32270D48CA89}.Release|Any CPU.Build.0 = Release|Any CPU
		{F1E2E3AF-75AC-4F7A-A6CF-86844C47D251}.Debug|Any CPU.ActiveCfg = Debug|Any CPU
		{F1E2E3AF-75AC-4F7A-A6CF-86844C47D251}.Debug|Any CPU.Build.0 = Debug|Any CPU
		{F1E2E3AF-75AC-4F7A-A6CF-86844C47D251}.Release|Any CPU.ActiveCfg = Release|Any CPU
		{F1E2E3AF-75AC-4F7A-A6CF-86844C47D251}.Release|Any CPU.Build.0 = Release|Any CPU
		{EBA417BE-35D5-4A66-B37C-9A290F3B7BBD}.Debug|Any CPU.ActiveCfg = Debug|Any CPU
		{EBA417BE-35D5-4A66-B37C-9A290F3B7BBD}.Debug|Any CPU.Build.0 = Debug|Any CPU
		{EBA417BE-35D5-4A66-B37C-9A290F3B7BBD}.Release|Any CPU.ActiveCfg = Release|Any CPU
		{EBA417BE-35D5-4A66-B37C-9A290F3B7BBD}.Release|Any CPU.Build.0 = Release|Any CPU
		{2FF8525F-E460-4B55-96C9-878A98FFCCDB}.Debug|Any CPU.ActiveCfg = Debug|Any CPU
		{2FF8525F-E460-4B55-96C9-878A98FFCCDB}.Debug|Any CPU.Build.0 = Debug|Any CPU
		{2FF8525F-E460-4B55-96C9-878A98FFCCDB}.Release|Any CPU.ActiveCfg = Release|Any CPU
		{2FF8525F-E460-4B55-96C9-878A98FFCCDB}.Release|Any CPU.Build.0 = Release|Any CPU
		{629C1964-F04A-4D32-B48B-F100A6463B72}.Debug|Any CPU.ActiveCfg = Debug|Any CPU
		{629C1964-F04A-4D32-B48B-F100A6463B72}.Debug|Any CPU.Build.0 = Debug|Any CPU
		{629C1964-F04A-4D32-B48B-F100A6463B72}.Release|Any CPU.ActiveCfg = Release|Any CPU
		{629C1964-F04A-4D32-B48B-F100A6463B72}.Release|Any CPU.Build.0 = Release|Any CPU
		{90365BD6-45ED-44D4-ACC5-278F8149D8EB}.Debug|Any CPU.ActiveCfg = Debug|Any CPU
		{90365BD6-45ED-44D4-ACC5-278F8149D8EB}.Debug|Any CPU.Build.0 = Debug|Any CPU
		{90365BD6-45ED-44D4-ACC5-278F8149D8EB}.Release|Any CPU.ActiveCfg = Release|Any CPU
		{90365BD6-45ED-44D4-ACC5-278F8149D8EB}.Release|Any CPU.Build.0 = Release|Any CPU
		{DE9B177A-C1D5-4863-AC65-2CE84E367C6A}.Debug|Any CPU.ActiveCfg = Debug|Any CPU
		{DE9B177A-C1D5-4863-AC65-2CE84E367C6A}.Debug|Any CPU.Build.0 = Debug|Any CPU
		{DE9B177A-C1D5-4863-AC65-2CE84E367C6A}.Release|Any CPU.ActiveCfg = Release|Any CPU
		{DE9B177A-C1D5-4863-AC65-2CE84E367C6A}.Release|Any CPU.Build.0 = Release|Any CPU
		{B1566252-C42A-4503-B29E-8BAC3585CE16}.Debug|Any CPU.ActiveCfg = Debug|Any CPU
		{B1566252-C42A-4503-B29E-8BAC3585CE16}.Debug|Any CPU.Build.0 = Debug|Any CPU
		{B1566252-C42A-4503-B29E-8BAC3585CE16}.Release|Any CPU.ActiveCfg = Release|Any CPU
		{B1566252-C42A-4503-B29E-8BAC3585CE16}.Release|Any CPU.Build.0 = Release|Any CPU
		{3FE544DD-F0CA-4C3D-A5EC-68FE29609363}.Debug|Any CPU.ActiveCfg = Debug|Any CPU
		{3FE544DD-F0CA-4C3D-A5EC-68FE29609363}.Debug|Any CPU.Build.0 = Debug|Any CPU
		{3FE544DD-F0CA-4C3D-A5EC-68FE29609363}.Release|Any CPU.ActiveCfg = Release|Any CPU
		{3FE544DD-F0CA-4C3D-A5EC-68FE29609363}.Release|Any CPU.Build.0 = Release|Any CPU
		{823CD05F-E8BC-4DB6-822A-BD0ACC179F02}.Debug|Any CPU.ActiveCfg = Debug|Any CPU
		{823CD05F-E8BC-4DB6-822A-BD0ACC179F02}.Debug|Any CPU.Build.0 = Debug|Any CPU
		{823CD05F-E8BC-4DB6-822A-BD0ACC179F02}.Release|Any CPU.ActiveCfg = Release|Any CPU
		{823CD05F-E8BC-4DB6-822A-BD0ACC179F02}.Release|Any CPU.Build.0 = Release|Any CPU
		{09F5BA98-C306-4569-B9C2-E795C9A6E21D}.Debug|Any CPU.ActiveCfg = Debug|Any CPU
		{09F5BA98-C306-4569-B9C2-E795C9A6E21D}.Debug|Any CPU.Build.0 = Debug|Any CPU
		{09F5BA98-C306-4569-B9C2-E795C9A6E21D}.Release|Any CPU.ActiveCfg = Release|Any CPU
		{09F5BA98-C306-4569-B9C2-E795C9A6E21D}.Release|Any CPU.Build.0 = Release|Any CPU
		{514D9EDB-DEA5-4F15-A44A-8624AD170778}.Debug|Any CPU.ActiveCfg = Debug|Any CPU
		{514D9EDB-DEA5-4F15-A44A-8624AD170778}.Debug|Any CPU.Build.0 = Debug|Any CPU
		{514D9EDB-DEA5-4F15-A44A-8624AD170778}.Release|Any CPU.ActiveCfg = Release|Any CPU
		{514D9EDB-DEA5-4F15-A44A-8624AD170778}.Release|Any CPU.Build.0 = Release|Any CPU
		{972EE5C8-89F8-4685-B101-9DEDDAFEAEA3}.Debug|Any CPU.ActiveCfg = Debug|Any CPU
		{972EE5C8-89F8-4685-B101-9DEDDAFEAEA3}.Debug|Any CPU.Build.0 = Debug|Any CPU
		{972EE5C8-89F8-4685-B101-9DEDDAFEAEA3}.Release|Any CPU.ActiveCfg = Release|Any CPU
		{972EE5C8-89F8-4685-B101-9DEDDAFEAEA3}.Release|Any CPU.Build.0 = Release|Any CPU
		{97B2E097-B449-47CD-BA52-F301366300D3}.Debug|Any CPU.ActiveCfg = Debug|Any CPU
		{97B2E097-B449-47CD-BA52-F301366300D3}.Debug|Any CPU.Build.0 = Debug|Any CPU
		{97B2E097-B449-47CD-BA52-F301366300D3}.Release|Any CPU.ActiveCfg = Release|Any CPU
		{97B2E097-B449-47CD-BA52-F301366300D3}.Release|Any CPU.Build.0 = Release|Any CPU
		{7016BD0F-B673-47C8-92F5-70FF4A815D07}.Debug|Any CPU.ActiveCfg = Debug|Any CPU
		{7016BD0F-B673-47C8-92F5-70FF4A815D07}.Debug|Any CPU.Build.0 = Debug|Any CPU
		{7016BD0F-B673-47C8-92F5-70FF4A815D07}.Release|Any CPU.ActiveCfg = Release|Any CPU
		{7016BD0F-B673-47C8-92F5-70FF4A815D07}.Release|Any CPU.Build.0 = Release|Any CPU
		{DE1F62B1-941D-4AA4-BD18-10B02BCD8636}.Debug|Any CPU.ActiveCfg = Debug|Any CPU
		{DE1F62B1-941D-4AA4-BD18-10B02BCD8636}.Debug|Any CPU.Build.0 = Debug|Any CPU
		{DE1F62B1-941D-4AA4-BD18-10B02BCD8636}.Release|Any CPU.ActiveCfg = Release|Any CPU
		{DE1F62B1-941D-4AA4-BD18-10B02BCD8636}.Release|Any CPU.Build.0 = Release|Any CPU
		{5853E1F0-3EBE-47E7-8880-A7BC12E24F5F}.Debug|Any CPU.ActiveCfg = Debug|Any CPU
		{5853E1F0-3EBE-47E7-8880-A7BC12E24F5F}.Debug|Any CPU.Build.0 = Debug|Any CPU
		{5853E1F0-3EBE-47E7-8880-A7BC12E24F5F}.Release|Any CPU.ActiveCfg = Release|Any CPU
		{5853E1F0-3EBE-47E7-8880-A7BC12E24F5F}.Release|Any CPU.Build.0 = Release|Any CPU
		{419C13A5-C07E-4458-BB7B-66691A811ADA}.Debug|Any CPU.ActiveCfg = Debug|Any CPU
		{419C13A5-C07E-4458-BB7B-66691A811ADA}.Debug|Any CPU.Build.0 = Debug|Any CPU
		{419C13A5-C07E-4458-BB7B-66691A811ADA}.Release|Any CPU.ActiveCfg = Release|Any CPU
		{419C13A5-C07E-4458-BB7B-66691A811ADA}.Release|Any CPU.Build.0 = Release|Any CPU
		{6AE377DD-46E7-4391-BA9E-DDC1C9519889}.Debug|Any CPU.ActiveCfg = Debug|Any CPU
		{6AE377DD-46E7-4391-BA9E-DDC1C9519889}.Debug|Any CPU.Build.0 = Debug|Any CPU
		{6AE377DD-46E7-4391-BA9E-DDC1C9519889}.Release|Any CPU.ActiveCfg = Release|Any CPU
		{6AE377DD-46E7-4391-BA9E-DDC1C9519889}.Release|Any CPU.Build.0 = Release|Any CPU
	EndGlobalSection
	GlobalSection(NestedProjects) = preSolution
		{E4EE8A0A-EE06-4561-991F-3B218302C83B} = {CE0DA3EF-09A9-4D5A-9426-824631718655}
		{54F5BC09-566A-4E03-98BE-5D5C111F79E1} = {CE0DA3EF-09A9-4D5A-9426-824631718655}
		{CB23B9FF-4EB6-4605-82AE-949872B44F7B} = {CE0DA3EF-09A9-4D5A-9426-824631718655}
		{3396246C-9A6C-41BA-A977-665ABFCA9D54} = {CE0DA3EF-09A9-4D5A-9426-824631718655}
		{255C569B-A2BC-4DA8-98DA-8F51E7914434} = {CE0DA3EF-09A9-4D5A-9426-824631718655}
		{C681F73A-4C0E-4E2F-A173-776B0C38A7B4} = {CE0DA3EF-09A9-4D5A-9426-824631718655}
		{36466BCC-78B8-48CA-8B98-59AB597137C5} = {CE0DA3EF-09A9-4D5A-9426-824631718655}
		{DBE60578-D98D-4B9F-A8EE-4F169CB48837} = {CE0DA3EF-09A9-4D5A-9426-824631718655}
		{89F4B2A8-C0D2-471A-9891-0D87D7488C3B} = {CE0DA3EF-09A9-4D5A-9426-824631718655}
		{4A3B6658-DB9F-47EA-B7E4-CA2372C30A14} = {CE0DA3EF-09A9-4D5A-9426-824631718655}
		{759DC97A-CFC3-4EE2-9573-111B3154AA88} = {4A3B6658-DB9F-47EA-B7E4-CA2372C30A14}
		{47D509A8-0D97-4B52-9BC7-32270D48CA89} = {4A3B6658-DB9F-47EA-B7E4-CA2372C30A14}
		{F1E2E3AF-75AC-4F7A-A6CF-86844C47D251} = {4A3B6658-DB9F-47EA-B7E4-CA2372C30A14}
		{EBA417BE-35D5-4A66-B37C-9A290F3B7BBD} = {4A3B6658-DB9F-47EA-B7E4-CA2372C30A14}
		{2FF8525F-E460-4B55-96C9-878A98FFCCDB} = {4A3B6658-DB9F-47EA-B7E4-CA2372C30A14}
		{629C1964-F04A-4D32-B48B-F100A6463B72} = {CE0DA3EF-09A9-4D5A-9426-824631718655}
		{90365BD6-45ED-44D4-ACC5-278F8149D8EB} = {CE0DA3EF-09A9-4D5A-9426-824631718655}
		{DE9B177A-C1D5-4863-AC65-2CE84E367C6A} = {CE0DA3EF-09A9-4D5A-9426-824631718655}
		{037A8FB4-B794-4003-A9ED-FA1911B102F0} = {CE0DA3EF-09A9-4D5A-9426-824631718655}
		{B1566252-C42A-4503-B29E-8BAC3585CE16} = {037A8FB4-B794-4003-A9ED-FA1911B102F0}
		{CB40C389-989E-4690-ACD9-EBE7B7C46989} = {CE0DA3EF-09A9-4D5A-9426-824631718655}
		{3FE544DD-F0CA-4C3D-A5EC-68FE29609363} = {CB40C389-989E-4690-ACD9-EBE7B7C46989}
		{823CD05F-E8BC-4DB6-822A-BD0ACC179F02} = {CB40C389-989E-4690-ACD9-EBE7B7C46989}
		{09F5BA98-C306-4569-B9C2-E795C9A6E21D} = {CB40C389-989E-4690-ACD9-EBE7B7C46989}
		{514D9EDB-DEA5-4F15-A44A-8624AD170778} = {037A8FB4-B794-4003-A9ED-FA1911B102F0}
		{972EE5C8-89F8-4685-B101-9DEDDAFEAEA3} = {037A8FB4-B794-4003-A9ED-FA1911B102F0}
		{97B2E097-B449-47CD-BA52-F301366300D3} = {037A8FB4-B794-4003-A9ED-FA1911B102F0}
		{2DB31F68-815E-4A3D-A5D9-13A0C34500CF} = {CE0DA3EF-09A9-4D5A-9426-824631718655}
		{7016BD0F-B673-47C8-92F5-70FF4A815D07} = {2DB31F68-815E-4A3D-A5D9-13A0C34500CF}
		{DE1F62B1-941D-4AA4-BD18-10B02BCD8636} = {CE0DA3EF-09A9-4D5A-9426-824631718655}
		{1EAEFEC9-0701-45AF-9A15-8CC5CB247642} = {CE0DA3EF-09A9-4D5A-9426-824631718655}
		{5853E1F0-3EBE-47E7-8880-A7BC12E24F5F} = {1EAEFEC9-0701-45AF-9A15-8CC5CB247642}
		{419C13A5-C07E-4458-BB7B-66691A811ADA} = {CE0DA3EF-09A9-4D5A-9426-824631718655}
	EndGlobalSection
EndGlobal
